
Microsoft Visual Studio Solution File, Format Version 12.00
# Visual Studio Version 16
VisualStudioVersion = 25.0.1706.5
MinimumVisualStudioVersion = 10.0.40219.1
Project("{FAE04EC0-301F-11D3-BF4B-00C04F79EFBC}") = "CandleManager", "CandleTest\CandleManager.csproj", "{3FEF81D0-69F0-449C-A7D3-302862B4798B}"
EndProject
Global
	GlobalSection(SolutionConfigurationPlatforms) = preSolution
		Debug|Any CPU = Debug|Any CPU
		Release|Any CPU = Release|Any CPU
	EndGlobalSection
	GlobalSection(ProjectConfigurationPlatforms) = postSolution
		{3FEF81D0-69F0-449C-A7D3-302862B4798B}.Debug|Any CPU.ActiveCfg = Debug|Any CPU
		{3FEF81D0-69F0-449C-A7D3-302862B4798B}.Debug|Any CPU.Build.0 = Debug|Any CPU
		{3FEF81D0-69F0-449C-A7D3-302862B4798B}.Release|Any CPU.ActiveCfg = Release|Any CPU
		{3FEF81D0-69F0-449C-A7D3-302862B4798B}.Release|Any CPU.Build.0 = Release|Any CPU
	EndGlobalSection
	GlobalSection(SolutionProperties) = preSolution
		HideSolutionNode = FALSE
	EndGlobalSection
	GlobalSection(ExtensibilityGlobals) = postSolution
		SolutionGuid = {CAAA4FC7-D05D-4B95-9A77-9550C4F91F75}
	EndGlobalSection
EndGlobal
